// !$*UTF8*$!
{
	archiveVersion = 1;
	classes = {
	};
	objectVersion = 46;
	objects = {

/* Begin PBXBuildFile section */
		684F052F11F99E6EB8F14C75 /* Pods_ExchangeRates.framework in Frameworks */ = {isa = PBXBuildFile; fileRef = B4135067C95E52971391E525 /* Pods_ExchangeRates.framework */; };
		DD90CBFF1E3DFA1000AE579B /* AppDelegate.swift in Sources */ = {isa = PBXBuildFile; fileRef = DD90CBFE1E3DFA1000AE579B /* AppDelegate.swift */; };
		DD90CC011E3DFA1000AE579B /* ViewController.swift in Sources */ = {isa = PBXBuildFile; fileRef = DD90CC001E3DFA1000AE579B /* ViewController.swift */; };
		DD90CC041E3DFA1000AE579B /* Main.storyboard in Resources */ = {isa = PBXBuildFile; fileRef = DD90CC021E3DFA1000AE579B /* Main.storyboard */; };
		DD90CC061E3DFA1000AE579B /* Assets.xcassets in Resources */ = {isa = PBXBuildFile; fileRef = DD90CC051E3DFA1000AE579B /* Assets.xcassets */; };
		DD90CC091E3DFA1000AE579B /* LaunchScreen.storyboard in Resources */ = {isa = PBXBuildFile; fileRef = DD90CC071E3DFA1000AE579B /* LaunchScreen.storyboard */; };
		DDD508FB1E3F1160005C3007 /* DetailTableViewController.swift in Sources */ = {isa = PBXBuildFile; fileRef = DDD508FA1E3F1160005C3007 /* DetailTableViewController.swift */; };
/* End PBXBuildFile section */

/* Begin PBXFileReference section */
		26C764CA8359CAB93CD5F0F4 /* Pods-ExchangeRates.release.xcconfig */ = {isa = PBXFileReference; includeInIndex = 1; lastKnownFileType = text.xcconfig; name = "Pods-ExchangeRates.release.xcconfig"; path = "Pods/Target Support Files/Pods-ExchangeRates/Pods-ExchangeRates.release.xcconfig"; sourceTree = "<group>"; };
		86D42F9B4078236CD7CC0446 /* Pods-ExchangeRates.debug.xcconfig */ = {isa = PBXFileReference; includeInIndex = 1; lastKnownFileType = text.xcconfig; name = "Pods-ExchangeRates.debug.xcconfig"; path = "Pods/Target Support Files/Pods-ExchangeRates/Pods-ExchangeRates.debug.xcconfig"; sourceTree = "<group>"; };
		B4135067C95E52971391E525 /* Pods_ExchangeRates.framework */ = {isa = PBXFileReference; explicitFileType = wrapper.framework; includeInIndex = 0; path = Pods_ExchangeRates.framework; sourceTree = BUILT_PRODUCTS_DIR; };
		DD90CBFB1E3DFA1000AE579B /* ExchangeRates.app */ = {isa = PBXFileReference; explicitFileType = wrapper.application; includeInIndex = 0; path = ExchangeRates.app; sourceTree = BUILT_PRODUCTS_DIR; };
		DD90CBFE1E3DFA1000AE579B /* AppDelegate.swift */ = {isa = PBXFileReference; lastKnownFileType = sourcecode.swift; path = AppDelegate.swift; sourceTree = "<group>"; };
		DD90CC001E3DFA1000AE579B /* ViewController.swift */ = {isa = PBXFileReference; lastKnownFileType = sourcecode.swift; path = ViewController.swift; sourceTree = "<group>"; };
		DD90CC031E3DFA1000AE579B /* Base */ = {isa = PBXFileReference; lastKnownFileType = file.storyboard; name = Base; path = Base.lproj/Main.storyboard; sourceTree = "<group>"; };
		DD90CC051E3DFA1000AE579B /* Assets.xcassets */ = {isa = PBXFileReference; lastKnownFileType = folder.assetcatalog; path = Assets.xcassets; sourceTree = "<group>"; };
		DD90CC081E3DFA1000AE579B /* Base */ = {isa = PBXFileReference; lastKnownFileType = file.storyboard; name = Base; path = Base.lproj/LaunchScreen.storyboard; sourceTree = "<group>"; };
		DD90CC0A1E3DFA1000AE579B /* Info.plist */ = {isa = PBXFileReference; lastKnownFileType = text.plist.xml; path = Info.plist; sourceTree = "<group>"; };
		DDD508FA1E3F1160005C3007 /* DetailTableViewController.swift */ = {isa = PBXFileReference; fileEncoding = 4; lastKnownFileType = sourcecode.swift; path = DetailTableViewController.swift; sourceTree = "<group>"; };
/* End PBXFileReference section */

/* Begin PBXFrameworksBuildPhase section */
		DD90CBF81E3DFA0A00AE579B /* Frameworks */ = {
			isa = PBXFrameworksBuildPhase;
			buildActionMask = 2147483647;
			files = (
				684F052F11F99E6EB8F14C75 /* Pods_ExchangeRates.framework in Frameworks */,
			);
			runOnlyForDeploymentPostprocessing = 0;
		};
/* End PBXFrameworksBuildPhase section */

/* Begin PBXGroup section */
		7ABBAE652029503988EDBB1C /* Frameworks */ = {
			isa = PBXGroup;
			children = (
				B4135067C95E52971391E525 /* Pods_ExchangeRates.framework */,
			);
			name = Frameworks;
			sourceTree = "<group>";
		};
		8F0CB59534D24B3F4D67C39B /* Pods */ = {
			isa = PBXGroup;
			children = (
				86D42F9B4078236CD7CC0446 /* Pods-ExchangeRates.debug.xcconfig */,
				26C764CA8359CAB93CD5F0F4 /* Pods-ExchangeRates.release.xcconfig */,
			);
			name = Pods;
			sourceTree = "<group>";
		};
		DD90CBF21E3DFA0A00AE579B = {
			isa = PBXGroup;
			children = (
				DD90CBFD1E3DFA1000AE579B /* ExchangeRates */,
				DD90CBFC1E3DFA1000AE579B /* Products */,
				8F0CB59534D24B3F4D67C39B /* Pods */,
				7ABBAE652029503988EDBB1C /* Frameworks */,
			);
			sourceTree = "<group>";
		};
		DD90CBFC1E3DFA1000AE579B /* Products */ = {
			isa = PBXGroup;
			children = (
				DD90CBFB1E3DFA1000AE579B /* ExchangeRates.app */,
			);
			name = Products;
			sourceTree = "<group>";
		};
		DD90CBFD1E3DFA1000AE579B /* ExchangeRates */ = {
			isa = PBXGroup;
			children = (
				DD90CBFE1E3DFA1000AE579B /* AppDelegate.swift */,
				DD90CC001E3DFA1000AE579B /* ViewController.swift */,
				DD90CC021E3DFA1000AE579B /* Main.storyboard */,
				DD90CC051E3DFA1000AE579B /* Assets.xcassets */,
				DD90CC071E3DFA1000AE579B /* LaunchScreen.storyboard */,
				DD90CC0A1E3DFA1000AE579B /* Info.plist */,
				DDD508FA1E3F1160005C3007 /* DetailTableViewController.swift */,
			);
			path = ExchangeRates;
			sourceTree = "<group>";
		};
/* End PBXGroup section */

/* Begin PBXNativeTarget section */
		DD90CBFA1E3DFA0A00AE579B /* ExchangeRates */ = {
			isa = PBXNativeTarget;
			buildConfigurationList = DD90CC0D1E3DFA1000AE579B /* Build configuration list for PBXNativeTarget "ExchangeRates" */;
			buildPhases = (
				C026D170F8A26420284B167D /* [CP] Check Pods Manifest.lock */,
				DD90CBF71E3DFA0A00AE579B /* Sources */,
				DD90CBF81E3DFA0A00AE579B /* Frameworks */,
				DD90CBF91E3DFA0A00AE579B /* Resources */,
				16317741EEB33F1CFC924338 /* [CP] Embed Pods Frameworks */,
				2DE5EFB617ADD7EF91E38B29 /* [CP] Copy Pods Resources */,
			);
			buildRules = (
			);
			dependencies = (
			);
			name = ExchangeRates;
			productName = ExchangeRates;
			productReference = DD90CBFB1E3DFA1000AE579B /* ExchangeRates.app */;
			productType = "com.apple.product-type.application";
		};
/* End PBXNativeTarget section */

/* Begin PBXProject section */
		DD90CBF31E3DFA0A00AE579B /* Project object */ = {
			isa = PBXProject;
			attributes = {
				LastSwiftUpdateCheck = 0810;
				LastUpgradeCheck = 0810;
				ORGANIZATIONNAME = "Gagarin Avenue Home";
				TargetAttributes = {
					DD90CBFA1E3DFA0A00AE579B = {
						CreatedOnToolsVersion = 8.1;
						DevelopmentTeam = 9F6USA3EYF;
						LastSwiftMigration = 0810;
						ProvisioningStyle = Automatic;
					};
				};
			};
			buildConfigurationList = DD90CBF61E3DFA0A00AE579B /* Build configuration list for PBXProject "ExchangeRates" */;
			compatibilityVersion = "Xcode 3.2";
			developmentRegion = English;
			hasScannedForEncodings = 0;
			knownRegions = (
				en,
				Base,
			);
			mainGroup = DD90CBF21E3DFA0A00AE579B;
			productRefGroup = DD90CBFC1E3DFA1000AE579B /* Products */;
			projectDirPath = "";
			projectRoot = "";
			targets = (
				DD90CBFA1E3DFA0A00AE579B /* ExchangeRates */,
			);
		};
/* End PBXProject section */

/* Begin PBXResourcesBuildPhase section */
		DD90CBF91E3DFA0A00AE579B /* Resources */ = {
			isa = PBXResourcesBuildPhase;
			buildActionMask = 2147483647;
			files = (
				DD90CC091E3DFA1000AE579B /* LaunchScreen.storyboard in Resources */,
				DD90CC061E3DFA1000AE579B /* Assets.xcassets in Resources */,
				DD90CC041E3DFA1000AE579B /* Main.storyboard in Resources */,
			);
			runOnlyForDeploymentPostprocessing = 0;
		};
/* End PBXResourcesBuildPhase section */

/* Begin PBXShellScriptBuildPhase section */
		16317741EEB33F1CFC924338 /* [CP] Embed Pods Frameworks */ = {
			isa = PBXShellScriptBuildPhase;
			buildActionMask = 2147483647;
			files = (
			);
			inputPaths = (
			);
			name = "[CP] Embed Pods Frameworks";
			outputPaths = (
			);
			runOnlyForDeploymentPostprocessing = 0;
			shellPath = /bin/sh;
			shellScript = "\"${SRCROOT}/Pods/Target Support Files/Pods-ExchangeRates/Pods-ExchangeRates-frameworks.sh\"\n";
			showEnvVarsInLog = 0;
		};
		2DE5EFB617ADD7EF91E38B29 /* [CP] Copy Pods Resources */ = {
			isa = PBXShellScriptBuildPhase;
			buildActionMask = 2147483647;
			files = (
			);
			inputPaths = (
			);
			name = "[CP] Copy Pods Resources";
			outputPaths = (
			);
			runOnlyForDeploymentPostprocessing = 0;
			shellPath = /bin/sh;
			shellScript = "\"${SRCROOT}/Pods/Target Support Files/Pods-ExchangeRates/Pods-ExchangeRates-resources.sh\"\n";
			showEnvVarsInLog = 0;
		};
		C026D170F8A26420284B167D /* [CP] Check Pods Manifest.lock */ = {
			isa = PBXShellScriptBuildPhase;
			buildActionMask = 2147483647;
			files = (
			);
			inputPaths = (
			);
			name = "[CP] Check Pods Manifest.lock";
			outputPaths = (
			);
			runOnlyForDeploymentPostprocessing = 0;
			shellPath = /bin/sh;
			shellScript = "diff \"${PODS_ROOT}/../Podfile.lock\" \"${PODS_ROOT}/Manifest.lock\" > /dev/null\nif [[ $? != 0 ]] ; then\n    cat << EOM\nerror: The sandbox is not in sync with the Podfile.lock. Run 'pod install' or update your CocoaPods installation.\nEOM\n    exit 1\nfi\n";
			showEnvVarsInLog = 0;
		};
/* End PBXShellScriptBuildPhase section */

/* Begin PBXSourcesBuildPhase section */
		DD90CBF71E3DFA0A00AE579B /* Sources */ = {
			isa = PBXSourcesBuildPhase;
			buildActionMask = 2147483647;
			files = (
				DDD508FB1E3F1160005C3007 /* DetailTableViewController.swift in Sources */,
				DD90CC011E3DFA1000AE579B /* ViewController.swift in Sources */,
				DD90CBFF1E3DFA1000AE579B /* AppDelegate.swift in Sources */,
			);
			runOnlyForDeploymentPostprocessing = 0;
		};
/* End PBXSourcesBuildPhase section */

/* Begin PBXVariantGroup section */
		DD90CC021E3DFA1000AE579B /* Main.storyboard */ = {
			isa = PBXVariantGroup;
			children = (
				DD90CC031E3DFA1000AE579B /* Base */,
			);
			name = Main.storyboard;
			sourceTree = "<group>";
		};
		DD90CC071E3DFA1000AE579B /* LaunchScreen.storyboard */ = {
			isa = PBXVariantGroup;
			children = (
				DD90CC081E3DFA1000AE579B /* Base */,
			);
			name = LaunchScreen.storyboard;
			sourceTree = "<group>";
		};
/* End PBXVariantGroup section */

/* Begin XCBuildConfiguration section */
		DD90CC0B1E3DFA1000AE579B /* Debug */ = {
			isa = XCBuildConfiguration;
			buildSettings = {
				ALWAYS_SEARCH_USER_PATHS = NO;
				CLANG_ANALYZER_NONNULL = YES;
				CLANG_CXX_LANGUAGE_STANDARD = "gnu++0x";
				CLANG_CXX_LIBRARY = "libc++";
				CLANG_ENABLE_MODULES = YES;
				CLANG_ENABLE_OBJC_ARC = YES;
				CLANG_WARN_BOOL_CONVERSION = YES;
				CLANG_WARN_CONSTANT_CONVERSION = YES;
				CLANG_WARN_DIRECT_OBJC_ISA_USAGE = YES_ERROR;
				CLANG_WARN_DOCUMENTATION_COMMENTS = YES;
				CLANG_WARN_EMPTY_BODY = YES;
				CLANG_WARN_ENUM_CONVERSION = YES;
				CLANG_WARN_INFINITE_RECURSION = YES;
				CLANG_WARN_INT_CONVERSION = YES;
				CLANG_WARN_OBJC_ROOT_CLASS = YES_ERROR;
				CLANG_WARN_SUSPICIOUS_MOVES = YES;
				CLANG_WARN_UNREACHABLE_CODE = YES;
				CLANG_WARN__DUPLICATE_METHOD_MATCH = YES;
				"CODE_SIGN_IDENTITY[sdk=iphoneos*]" = "iPhone Developer";
				COPY_PHASE_STRIP = NO;
				DEBUG_INFORMATION_FORMAT = dwarf;
				ENABLE_STRICT_OBJC_MSGSEND = YES;
				ENABLE_TESTABILITY = YES;
				GCC_C_LANGUAGE_STANDARD = gnu99;
				GCC_DYNAMIC_NO_PIC = NO;
				GCC_NO_COMMON_BLOCKS = YES;
				GCC_OPTIMIZATION_LEVEL = 0;
				GCC_PREPROCESSOR_DEFINITIONS = (
					"DEBUG=1",
					"$(inherited)",
				);
				GCC_WARN_64_TO_32_BIT_CONVERSION = YES;
				GCC_WARN_ABOUT_RETURN_TYPE = YES_ERROR;
				GCC_WARN_UNDECLARED_SELECTOR = YES;
				GCC_WARN_UNINITIALIZED_AUTOS = YES_AGGRESSIVE;
				GCC_WARN_UNUSED_FUNCTION = YES;
				GCC_WARN_UNUSED_VARIABLE = YES;
				IPHONEOS_DEPLOYMENT_TARGET = 10.1;
				MTL_ENABLE_DEBUG_INFO = YES;
				ONLY_ACTIVE_ARCH = YES;
				SDKROOT = iphoneos;
				SWIFT_ACTIVE_COMPILATION_CONDITIONS = DEBUG;
				SWIFT_OPTIMIZATION_LEVEL = "-Onone";
			};
			name = Debug;
		};
		DD90CC0C1E3DFA1000AE579B /* Release */ = {
			isa = XCBuildConfiguration;
			buildSettings = {
				ALWAYS_SEARCH_USER_PATHS = NO;
				CLANG_ANALYZER_NONNULL = YES;
				CLANG_CXX_LANGUAGE_STANDARD = "gnu++0x";
				CLANG_CXX_LIBRARY = "libc++";
				CLANG_ENABLE_MODULES = YES;
				CLANG_ENABLE_OBJC_ARC = YES;
				CLANG_WARN_BOOL_CONVERSION = YES;
				CLANG_WARN_CONSTANT_CONVERSION = YES;
				CLANG_WARN_DIRECT_OBJC_ISA_USAGE = YES_ERROR;
				CLANG_WARN_DOCUMENTATION_COMMENTS = YES;
				CLANG_WARN_EMPTY_BODY = YES;
				CLANG_WARN_ENUM_CONVERSION = YES;
				CLANG_WARN_INFINITE_RECURSION = YES;
				CLANG_WARN_INT_CONVERSION = YES;
				CLANG_WARN_OBJC_ROOT_CLASS = YES_ERROR;
				CLANG_WARN_SUSPICIOUS_MOVES = YES;
				CLANG_WARN_UNREACHABLE_CODE = YES;
				CLANG_WARN__DUPLICATE_METHOD_MATCH = YES;
				"CODE_SIGN_IDENTITY[sdk=iphoneos*]" = "iPhone Developer";
				COPY_PHASE_STRIP = NO;
				DEBUG_INFORMATION_FORMAT = "dwarf-with-dsym";
				ENABLE_NS_ASSERTIONS = NO;
				ENABLE_STRICT_OBJC_MSGSEND = YES;
				GCC_C_LANGUAGE_STANDARD = gnu99;
				GCC_NO_COMMON_BLOCKS = YES;
				GCC_WARN_64_TO_32_BIT_CONVERSION = YES;
				GCC_WARN_ABOUT_RETURN_TYPE = YES_ERROR;
				GCC_WARN_UNDECLARED_SELECTOR = YES;
				GCC_WARN_UNINITIALIZED_AUTOS = YES_AGGRESSIVE;
				GCC_WARN_UNUSED_FUNCTION = YES;
				GCC_WARN_UNUSED_VARIABLE = YES;
				IPHONEOS_DEPLOYMENT_TARGET = 10.1;
				MTL_ENABLE_DEBUG_INFO = NO;
				SDKROOT = iphoneos;
				SWIFT_OPTIMIZATION_LEVEL = "-Owholemodule";
				VALIDATE_PRODUCT = YES;
			};
			name = Release;
		};
		DD90CC0E1E3DFA1000AE579B /* Debug */ = {
			isa = XCBuildConfiguration;
			baseConfigurationReference = 86D42F9B4078236CD7CC0446 /* Pods-ExchangeRates.debug.xcconfig */;
			buildSettings = {
				ASSETCATALOG_COMPILER_APPICON_NAME = AppIcon;
				DEVELOPMENT_TEAM = 9F6USA3EYF;
				INFOPLIST_FILE = ExchangeRates/Info.plist;
				LD_RUNPATH_SEARCH_PATHS = "$(inherited) @executable_path/Frameworks";
				PRODUCT_BUNDLE_IDENTIFIER = vadi7mir.ExchangeRates;
				PRODUCT_NAME = "$(TARGET_NAME)";
				SWIFT_VERSION = 3.0;
			};
			name = Debug;
		};
		DD90CC0F1E3DFA1000AE579B /* Release */ = {
			isa = XCBuildConfiguration;
			baseConfigurationReference = 26C764CA8359CAB93CD5F0F4 /* Pods-ExchangeRates.release.xcconfig */;
			buildSettings = {
				ASSETCATALOG_COMPILER_APPICON_NAME = AppIcon;
				DEVELOPMENT_TEAM = 9F6USA3EYF;
				INFOPLIST_FILE = ExchangeRates/Info.plist;
				LD_RUNPATH_SEARCH_PATHS = "$(inherited) @executable_path/Frameworks";
				PRODUCT_BUNDLE_IDENTIFIER = vadi7mir.ExchangeRates;
				PRODUCT_NAME = "$(TARGET_NAME)";
				SWIFT_VERSION = 3.0;
			};
			name = Release;
		};
/* End XCBuildConfiguration section */

/* Begin XCConfigurationList section */
		DD90CBF61E3DFA0A00AE579B /* Build configuration list for PBXProject "ExchangeRates" */ = {
			isa = XCConfigurationList;
			buildConfigurations = (
				DD90CC0B1E3DFA1000AE579B /* Debug */,
				DD90CC0C1E3DFA1000AE579B /* Release */,
			);
			defaultConfigurationIsVisible = 0;
			defaultConfigurationName = Release;
		};
		DD90CC0D1E3DFA1000AE579B /* Build configuration list for PBXNativeTarget "ExchangeRates" */ = {
			isa = XCConfigurationList;
			buildConfigurations = (
				DD90CC0E1E3DFA1000AE579B /* Debug */,
				DD90CC0F1E3DFA1000AE579B /* Release */,
			);
			defaultConfigurationIsVisible = 0;
			defaultConfigurationName = Release;
		};
/* End XCConfigurationList section */
	};
	rootObject = DD90CBF31E3DFA0A00AE579B /* Project object */;
}
